
Microsoft Visual Studio Solution File, Format Version 12.00
# Visual Studio Version 16
VisualStudioVersion = 16.0.30225.117
MinimumVisualStudioVersion = 10.0.40219.1
Project("{FAE04EC0-301F-11D3-BF4B-00C04F79EFBC}") = "BlazorAppWebAssembly", "BlazorAppWebAssembly\BlazorAppWebAssembly.csproj", "{29E79C85-1197-4598-BB73-4235A9B34859}"
EndProject
Global
	GlobalSection(SolutionConfigurationPlatforms) = preSolution
		Debug|Any CPU = Debug|Any CPU
		Release|Any CPU = Release|Any CPU
	EndGlobalSection
	GlobalSection(ProjectConfigurationPlatforms) = postSolution
		{29E79C85-1197-4598-BB73-4235A9B34859}.Debug|Any CPU.ActiveCfg = Debug|Any CPU
		{29E79C85-1197-4598-BB73-4235A9B34859}.Debug|Any CPU.Build.0 = Debug|Any CPU
		{29E79C85-1197-4598-BB73-4235A9B34859}.Release|Any CPU.ActiveCfg = Release|Any CPU
		{29E79C85-1197-4598-BB73-4235A9B34859}.Release|Any CPU.Build.0 = Release|Any CPU
	EndGlobalSection
	GlobalSection(SolutionProperties) = preSolution
		HideSolutionNode = FALSE
	EndGlobalSection
	GlobalSection(ExtensibilityGlobals) = postSolution
		SolutionGuid = {F032BD6C-9384-47CD-8D09-C37212545AFA}
	EndGlobalSection
EndGlobal
