
Microsoft Visual Studio Solution File, Format Version 12.00
# Visual Studio Version 16
VisualStudioVersion = 16.0.30225.117
MinimumVisualStudioVersion = 10.0.40219.1
Project("{FAE04EC0-301F-11D3-BF4B-00C04F79EFBC}") = "lession2firstprogram", "lession2firstprogram\lession2firstprogram.csproj", "{96C06801-5E1D-467E-8A9C-6A4383822C22}"
EndProject
Global
	GlobalSection(SolutionConfigurationPlatforms) = preSolution
		Debug|Any CPU = Debug|Any CPU
		Release|Any CPU = Release|Any CPU
	EndGlobalSection
	GlobalSection(ProjectConfigurationPlatforms) = postSolution
		{96C06801-5E1D-467E-8A9C-6A4383822C22}.Debug|Any CPU.ActiveCfg = Debug|Any CPU
		{96C06801-5E1D-467E-8A9C-6A4383822C22}.Debug|Any CPU.Build.0 = Debug|Any CPU
		{96C06801-5E1D-467E-8A9C-6A4383822C22}.Release|Any CPU.ActiveCfg = Release|Any CPU
		{96C06801-5E1D-467E-8A9C-6A4383822C22}.Release|Any CPU.Build.0 = Release|Any CPU
	EndGlobalSection
	GlobalSection(SolutionProperties) = preSolution
		HideSolutionNode = FALSE
	EndGlobalSection
	GlobalSection(ExtensibilityGlobals) = postSolution
		SolutionGuid = {FE713AD4-69F3-4ACB-A450-157784E91794}
	EndGlobalSection
EndGlobal
